
Microsoft Visual Studio Solution File, Format Version 12.00
# Visual Studio 2012
Project("{8BC9CEB8-8B4A-11D0-8D11-00A0C91BC942}") = "Bridge", "Bridge\Bridge.vcxproj", "{8974127E-305B-4156-8A20-CC71A977F657}"
EndProject
Project("{8BC9CEB8-8B4A-11D0-8D11-00A0C91BC942}") = "SimpleFactory", "SimpleFactory\SimpleFactory.vcxproj", "{7F51258E-A319-4E25-B70B-E9CE6D608E0D}"
EndProject
Project("{8BC9CEB8-8B4A-11D0-8D11-00A0C91BC942}") = "Factory", "Factory\Factory.vcxproj", "{4298129F-4F48-4C9F-AD72-A6255E4F0D92}"
EndProject
Project("{8BC9CEB8-8B4A-11D0-8D11-00A0C91BC942}") = "AbstractFactory", "AbstractFactory\AbstractFactory.vcxproj", "{82A39725-EFF9-45D0-968D-AF94C17CBF0E}"
EndProject
Project("{8BC9CEB8-8B4A-11D0-8D11-00A0C91BC942}") = "State", "State\State.vcxproj", "{72773DA4-A507-49AC-A863-E6ADA48DA4E1}"
EndProject
Project("{8BC9CEB8-8B4A-11D0-8D11-00A0C91BC942}") = "Strategy", "Strategy\Strategy.vcxproj", "{773DDCC3-4FA9-487A-8153-CAAF64FDA87F}"
EndProject
Project("{8BC9CEB8-8B4A-11D0-8D11-00A0C91BC942}") = "Builder", "Builder\Builder.vcxproj", "{0F95B73C-5A24-4E02-B1FC-B6B19C8D312C}"
EndProject
Project("{8BC9CEB8-8B4A-11D0-8D11-00A0C91BC942}") = "ProtoType", "ProtoType\ProtoType.vcxproj", "{62F7BAC0-2628-4BD0-B8EE-91F5980074A3}"
EndProject
Project("{8BC9CEB8-8B4A-11D0-8D11-00A0C91BC942}") = "Facade", "Facade\Facade.vcxproj", "{6B3B9796-8496-41D1-85FF-178C2ED93C22}"
EndProject
Project("{8BC9CEB8-8B4A-11D0-8D11-00A0C91BC942}") = "Adapter", "Adapter\Adapter.vcxproj", "{76FCAA52-07AC-4633-A89C-3A19CD16E45D}"
EndProject
Project("{8BC9CEB8-8B4A-11D0-8D11-00A0C91BC942}") = "Composite", "Composite\Composite.vcxproj", "{17767396-BA60-4D18-A6DC-515DB4250F6B}"
EndProject
Project("{8BC9CEB8-8B4A-11D0-8D11-00A0C91BC942}") = "Decorator", "Decorator\Decorator.vcxproj", "{0BBDED3D-103A-45B2-A8F3-4CCB20808CB1}"
EndProject
Project("{8BC9CEB8-8B4A-11D0-8D11-00A0C91BC942}") = "Proxy", "Proxy\Proxy.vcxproj", "{D504B719-EDB2-491F-90CE-5610B7399EBB}"
EndProject
Project("{8BC9CEB8-8B4A-11D0-8D11-00A0C91BC942}") = "Observer", "Observer\Observer.vcxproj", "{7D23ABED-BD09-4951-85BC-9B4EB43A1F6F}"
EndProject
Project("{8BC9CEB8-8B4A-11D0-8D11-00A0C91BC942}") = "Singleton", "Singleton\Singleton.vcxproj", "{3322D74D-8A32-40B9-B677-94EC7588EBF3}"
EndProject
Project("{8BC9CEB8-8B4A-11D0-8D11-00A0C91BC942}") = "Command", "Command\Command.vcxproj", "{4367D0E2-4709-4AEC-85F6-5EA7287513A1}"
EndProject
Project("{8BC9CEB8-8B4A-11D0-8D11-00A0C91BC942}") = "Template", "Template\Template.vcxproj", "{8F386B48-0C24-47C7-932F-0BFD426279E5}"
EndProject
Project("{8BC9CEB8-8B4A-11D0-8D11-00A0C91BC942}") = "Callback", "Callback\Callback.vcxproj", "{4A634125-52F4-445F-9A6F-35424A4A6159}"
EndProject
Project("{8BC9CEB8-8B4A-11D0-8D11-00A0C91BC942}") = "Pipeline", "Pipeline\Pipeline.vcxproj", "{75991219-2043-4119-A9F3-15F2EA050BD1}"
EndProject
Project("{8BC9CEB8-8B4A-11D0-8D11-00A0C91BC942}") = "ResponsibilityChain", "ResponsibilityChain\ResponsibilityChain.vcxproj", "{FB82A471-B3A7-4D50-9825-A6CE9F58049D}"
EndProject
Project("{8BC9CEB8-8B4A-11D0-8D11-00A0C91BC942}") = "Flyweight", "Flyweight\Flyweight.vcxproj", "{C0C03A23-97A0-4C34-9085-2616B0FC3FAB}"
EndProject
Project("{8BC9CEB8-8B4A-11D0-8D11-00A0C91BC942}") = "Interpret", "Interpret\Interpret.vcxproj", "{4ADC801D-6C42-4EB3-A327-33678C0A8F3E}"
EndProject
Project("{8BC9CEB8-8B4A-11D0-8D11-00A0C91BC942}") = "Iterator", "Iterator\Iterator.vcxproj", "{38ED07C4-3719-4A42-BAA2-375DD4549BF3}"
EndProject
Project("{8BC9CEB8-8B4A-11D0-8D11-00A0C91BC942}") = "Mediator", "Mediator\Mediator.vcxproj", "{72C28F75-7649-475A-B1DA-5769D20677F0}"
EndProject
Project("{8BC9CEB8-8B4A-11D0-8D11-00A0C91BC942}") = "Memento", "Memento\Memento.vcxproj", "{44DC6D0E-01DB-4876-87D8-397F09188109}"
EndProject
Project("{8BC9CEB8-8B4A-11D0-8D11-00A0C91BC942}") = "Visitor", "Visitor\Visitor.vcxproj", "{D849566D-9272-4DF3-A576-50AA56B3C873}"
EndProject
Global
	GlobalSection(SolutionConfigurationPlatforms) = preSolution
		Debug|Win32 = Debug|Win32
		Release|Win32 = Release|Win32
	EndGlobalSection
	GlobalSection(ProjectConfigurationPlatforms) = postSolution
		{8974127E-305B-4156-8A20-CC71A977F657}.Debug|Win32.ActiveCfg = Debug|Win32
		{8974127E-305B-4156-8A20-CC71A977F657}.Debug|Win32.Build.0 = Debug|Win32
		{8974127E-305B-4156-8A20-CC71A977F657}.Release|Win32.ActiveCfg = Release|Win32
		{8974127E-305B-4156-8A20-CC71A977F657}.Release|Win32.Build.0 = Release|Win32
		{7F51258E-A319-4E25-B70B-E9CE6D608E0D}.Debug|Win32.ActiveCfg = Debug|Win32
		{7F51258E-A319-4E25-B70B-E9CE6D608E0D}.Debug|Win32.Build.0 = Debug|Win32
		{7F51258E-A319-4E25-B70B-E9CE6D608E0D}.Release|Win32.ActiveCfg = Release|Win32
		{7F51258E-A319-4E25-B70B-E9CE6D608E0D}.Release|Win32.Build.0 = Release|Win32
		{4298129F-4F48-4C9F-AD72-A6255E4F0D92}.Debug|Win32.ActiveCfg = Debug|Win32
		{4298129F-4F48-4C9F-AD72-A6255E4F0D92}.Debug|Win32.Build.0 = Debug|Win32
		{4298129F-4F48-4C9F-AD72-A6255E4F0D92}.Release|Win32.ActiveCfg = Release|Win32
		{4298129F-4F48-4C9F-AD72-A6255E4F0D92}.Release|Win32.Build.0 = Release|Win32
		{82A39725-EFF9-45D0-968D-AF94C17CBF0E}.Debug|Win32.ActiveCfg = Debug|Win32
		{82A39725-EFF9-45D0-968D-AF94C17CBF0E}.Debug|Win32.Build.0 = Debug|Win32
		{82A39725-EFF9-45D0-968D-AF94C17CBF0E}.Release|Win32.ActiveCfg = Release|Win32
		{82A39725-EFF9-45D0-968D-AF94C17CBF0E}.Release|Win32.Build.0 = Release|Win32
		{72773DA4-A507-49AC-A863-E6ADA48DA4E1}.Debug|Win32.ActiveCfg = Debug|Win32
		{72773DA4-A507-49AC-A863-E6ADA48DA4E1}.Debug|Win32.Build.0 = Debug|Win32
		{72773DA4-A507-49AC-A863-E6ADA48DA4E1}.Release|Win32.ActiveCfg = Release|Win32
		{72773DA4-A507-49AC-A863-E6ADA48DA4E1}.Release|Win32.Build.0 = Release|Win32
		{773DDCC3-4FA9-487A-8153-CAAF64FDA87F}.Debug|Win32.ActiveCfg = Debug|Win32
		{773DDCC3-4FA9-487A-8153-CAAF64FDA87F}.Debug|Win32.Build.0 = Debug|Win32
		{773DDCC3-4FA9-487A-8153-CAAF64FDA87F}.Release|Win32.ActiveCfg = Release|Win32
		{773DDCC3-4FA9-487A-8153-CAAF64FDA87F}.Release|Win32.Build.0 = Release|Win32
		{0F95B73C-5A24-4E02-B1FC-B6B19C8D312C}.Debug|Win32.ActiveCfg = Debug|Win32
		{0F95B73C-5A24-4E02-B1FC-B6B19C8D312C}.Debug|Win32.Build.0 = Debug|Win32
		{0F95B73C-5A24-4E02-B1FC-B6B19C8D312C}.Release|Win32.ActiveCfg = Release|Win32
		{0F95B73C-5A24-4E02-B1FC-B6B19C8D312C}.Release|Win32.Build.0 = Release|Win32
		{62F7BAC0-2628-4BD0-B8EE-91F5980074A3}.Debug|Win32.ActiveCfg = Debug|Win32
		{62F7BAC0-2628-4BD0-B8EE-91F5980074A3}.Debug|Win32.Build.0 = Debug|Win32
		{62F7BAC0-2628-4BD0-B8EE-91F5980074A3}.Release|Win32.ActiveCfg = Release|Win32
		{62F7BAC0-2628-4BD0-B8EE-91F5980074A3}.Release|Win32.Build.0 = Release|Win32
		{6B3B9796-8496-41D1-85FF-178C2ED93C22}.Debug|Win32.ActiveCfg = Debug|Win32
		{6B3B9796-8496-41D1-85FF-178C2ED93C22}.Debug|Win32.Build.0 = Debug|Win32
		{6B3B9796-8496-41D1-85FF-178C2ED93C22}.Release|Win32.ActiveCfg = Release|Win32
		{6B3B9796-8496-41D1-85FF-178C2ED93C22}.Release|Win32.Build.0 = Release|Win32
		{76FCAA52-07AC-4633-A89C-3A19CD16E45D}.Debug|Win32.ActiveCfg = Debug|Win32
		{76FCAA52-07AC-4633-A89C-3A19CD16E45D}.Debug|Win32.Build.0 = Debug|Win32
		{76FCAA52-07AC-4633-A89C-3A19CD16E45D}.Release|Win32.ActiveCfg = Release|Win32
		{76FCAA52-07AC-4633-A89C-3A19CD16E45D}.Release|Win32.Build.0 = Release|Win32
		{17767396-BA60-4D18-A6DC-515DB4250F6B}.Debug|Win32.ActiveCfg = Debug|Win32
		{17767396-BA60-4D18-A6DC-515DB4250F6B}.Debug|Win32.Build.0 = Debug|Win32
		{17767396-BA60-4D18-A6DC-515DB4250F6B}.Release|Win32.ActiveCfg = Release|Win32
		{17767396-BA60-4D18-A6DC-515DB4250F6B}.Release|Win32.Build.0 = Release|Win32
		{0BBDED3D-103A-45B2-A8F3-4CCB20808CB1}.Debug|Win32.ActiveCfg = Debug|Win32
		{0BBDED3D-103A-45B2-A8F3-4CCB20808CB1}.Debug|Win32.Build.0 = Debug|Win32
		{0BBDED3D-103A-45B2-A8F3-4CCB20808CB1}.Release|Win32.ActiveCfg = Release|Win32
		{0BBDED3D-103A-45B2-A8F3-4CCB20808CB1}.Release|Win32.Build.0 = Release|Win32
		{D504B719-EDB2-491F-90CE-5610B7399EBB}.Debug|Win32.ActiveCfg = Debug|Win32
		{D504B719-EDB2-491F-90CE-5610B7399EBB}.Debug|Win32.Build.0 = Debug|Win32
		{D504B719-EDB2-491F-90CE-5610B7399EBB}.Release|Win32.ActiveCfg = Release|Win32
		{D504B719-EDB2-491F-90CE-5610B7399EBB}.Release|Win32.Build.0 = Release|Win32
		{7D23ABED-BD09-4951-85BC-9B4EB43A1F6F}.Debug|Win32.ActiveCfg = Debug|Win32
		{7D23ABED-BD09-4951-85BC-9B4EB43A1F6F}.Debug|Win32.Build.0 = Debug|Win32
		{7D23ABED-BD09-4951-85BC-9B4EB43A1F6F}.Release|Win32.ActiveCfg = Release|Win32
		{7D23ABED-BD09-4951-85BC-9B4EB43A1F6F}.Release|Win32.Build.0 = Release|Win32
		{3322D74D-8A32-40B9-B677-94EC7588EBF3}.Debug|Win32.ActiveCfg = Debug|Win32
		{3322D74D-8A32-40B9-B677-94EC7588EBF3}.Debug|Win32.Build.0 = Debug|Win32
		{3322D74D-8A32-40B9-B677-94EC7588EBF3}.Release|Win32.ActiveCfg = Release|Win32
		{3322D74D-8A32-40B9-B677-94EC7588EBF3}.Release|Win32.Build.0 = Release|Win32
		{4367D0E2-4709-4AEC-85F6-5EA7287513A1}.Debug|Win32.ActiveCfg = Debug|Win32
		{4367D0E2-4709-4AEC-85F6-5EA7287513A1}.Debug|Win32.Build.0 = Debug|Win32
		{4367D0E2-4709-4AEC-85F6-5EA7287513A1}.Release|Win32.ActiveCfg = Release|Win32
		{4367D0E2-4709-4AEC-85F6-5EA7287513A1}.Release|Win32.Build.0 = Release|Win32
		{8F386B48-0C24-47C7-932F-0BFD426279E5}.Debug|Win32.ActiveCfg = Debug|Win32
		{8F386B48-0C24-47C7-932F-0BFD426279E5}.Debug|Win32.Build.0 = Debug|Win32
		{8F386B48-0C24-47C7-932F-0BFD426279E5}.Release|Win32.ActiveCfg = Release|Win32
		{8F386B48-0C24-47C7-932F-0BFD426279E5}.Release|Win32.Build.0 = Release|Win32
		{4A634125-52F4-445F-9A6F-35424A4A6159}.Debug|Win32.ActiveCfg = Debug|Win32
		{4A634125-52F4-445F-9A6F-35424A4A6159}.Debug|Win32.Build.0 = Debug|Win32
		{4A634125-52F4-445F-9A6F-35424A4A6159}.Release|Win32.ActiveCfg = Release|Win32
		{4A634125-52F4-445F-9A6F-35424A4A6159}.Release|Win32.Build.0 = Release|Win32
		{75991219-2043-4119-A9F3-15F2EA050BD1}.Debug|Win32.ActiveCfg = Debug|Win32
		{75991219-2043-4119-A9F3-15F2EA050BD1}.Debug|Win32.Build.0 = Debug|Win32
		{75991219-2043-4119-A9F3-15F2EA050BD1}.Release|Win32.ActiveCfg = Release|Win32
		{75991219-2043-4119-A9F3-15F2EA050BD1}.Release|Win32.Build.0 = Release|Win32
		{FB82A471-B3A7-4D50-9825-A6CE9F58049D}.Debug|Win32.ActiveCfg = Debug|Win32
		{FB82A471-B3A7-4D50-9825-A6CE9F58049D}.Debug|Win32.Build.0 = Debug|Win32
		{FB82A471-B3A7-4D50-9825-A6CE9F58049D}.Release|Win32.ActiveCfg = Release|Win32
		{FB82A471-B3A7-4D50-9825-A6CE9F58049D}.Release|Win32.Build.0 = Release|Win32
		{C0C03A23-97A0-4C34-9085-2616B0FC3FAB}.Debug|Win32.ActiveCfg = Debug|Win32
		{C0C03A23-97A0-4C34-9085-2616B0FC3FAB}.Debug|Win32.Build.0 = Debug|Win32
		{C0C03A23-97A0-4C34-9085-2616B0FC3FAB}.Release|Win32.ActiveCfg = Release|Win32
		{C0C03A23-97A0-4C34-9085-2616B0FC3FAB}.Release|Win32.Build.0 = Release|Win32
		{4ADC801D-6C42-4EB3-A327-33678C0A8F3E}.Debug|Win32.ActiveCfg = Debug|Win32
		{4ADC801D-6C42-4EB3-A327-33678C0A8F3E}.Debug|Win32.Build.0 = Debug|Win32
		{4ADC801D-6C42-4EB3-A327-33678C0A8F3E}.Release|Win32.ActiveCfg = Release|Win32
		{4ADC801D-6C42-4EB3-A327-33678C0A8F3E}.Release|Win32.Build.0 = Release|Win32
		{38ED07C4-3719-4A42-BAA2-375DD4549BF3}.Debug|Win32.ActiveCfg = Debug|Win32
		{38ED07C4-3719-4A42-BAA2-375DD4549BF3}.Debug|Win32.Build.0 = Debug|Win32
		{38ED07C4-3719-4A42-BAA2-375DD4549BF3}.Release|Win32.ActiveCfg = Release|Win32
		{38ED07C4-3719-4A42-BAA2-375DD4549BF3}.Release|Win32.Build.0 = Release|Win32
		{72C28F75-7649-475A-B1DA-5769D20677F0}.Debug|Win32.ActiveCfg = Debug|Win32
		{72C28F75-7649-475A-B1DA-5769D20677F0}.Debug|Win32.Build.0 = Debug|Win32
		{72C28F75-7649-475A-B1DA-5769D20677F0}.Release|Win32.ActiveCfg = Release|Win32
		{72C28F75-7649-475A-B1DA-5769D20677F0}.Release|Win32.Build.0 = Release|Win32
		{44DC6D0E-01DB-4876-87D8-397F09188109}.Debug|Win32.ActiveCfg = Debug|Win32
		{44DC6D0E-01DB-4876-87D8-397F09188109}.Debug|Win32.Build.0 = Debug|Win32
		{44DC6D0E-01DB-4876-87D8-397F09188109}.Release|Win32.ActiveCfg = Release|Win32
		{44DC6D0E-01DB-4876-87D8-397F09188109}.Release|Win32.Build.0 = Release|Win32
		{D849566D-9272-4DF3-A576-50AA56B3C873}.Debug|Win32.ActiveCfg = Debug|Win32
		{D849566D-9272-4DF3-A576-50AA56B3C873}.Debug|Win32.Build.0 = Debug|Win32
		{D849566D-9272-4DF3-A576-50AA56B3C873}.Release|Win32.ActiveCfg = Release|Win32
		{D849566D-9272-4DF3-A576-50AA56B3C873}.Release|Win32.Build.0 = Release|Win32
	EndGlobalSection
	GlobalSection(SolutionProperties) = preSolution
		HideSolutionNode = FALSE
	EndGlobalSection
EndGlobal
